<?xml version="1.0" encoding="utf-8"?>
<Project ToolsVersion="4.0" xmlns="http://schemas.microsoft.com/developer/msbuild/2003">
  <ItemGroup>
    <ClCompile Include="Main.cpp" />
    <ClCompile Include="thirdparty\OpenString-CMake\source\codeunit_sequence.cpp">
      <Filter>thirdparty\open-string\source</Filter>
    </ClCompile>
    <ClCompile Include="thirdparty\OpenString-CMake\source\text.cpp">
      <Filter>thirdparty\open-string\source</Filter>
    </ClCompile>
    <ClCompile Include="thirdparty\OpenString-CMake\source\wide_text.cpp">
      <Filter>thirdparty\open-string\source</Filter>
    </ClCompile>
    <ClCompile Include="thirdparty\OpenString-CMake\source\format.cpp">
      <Filter>thirdparty\open-string\source</Filter>
    </ClCompile>
    <ClCompile Include="source\EasyXBase.cpp">
      <Filter>source</Filter>
    </ClCompile>
    <ClCompile Include="source\String.cpp">
      <Filter>source</Filter>
    </ClCompile>
    <ClCompile Include="source\assets\AssetManager.cpp">
      <Filter>source\assets</Filter>
    </ClCompile>
    <ClCompile Include="source\game\component\Component.cpp">
      <Filter>source\game\component</Filter>
    </ClCompile>
    <ClCompile Include="source\game\Block.cpp">
      <Filter>source\game</Filter>
    </ClCompile>
    <ClCompile Include="source\game\Game.cpp">
      <Filter>source\game</Filter>
    </ClCompile>
    <ClCompile Include="source\gui\Button.cpp">
      <Filter>source\gui</Filter>
    </ClCompile>
    <ClCompile Include="source\gui\ImageLabel.cpp">
      <Filter>source\gui</Filter>
    </ClCompile>
    <ClCompile Include="source\gui\Input.cpp">
      <Filter>source\gui</Filter>
    </ClCompile>
    <ClCompile Include="source\gui\GUIManager.cpp">
      <Filter>source\gui</Filter>
    </ClCompile>
    <ClCompile Include="source\gui\GUIObject.cpp">
      <Filter>source\gui</Filter>
    </ClCompile>
    <ClCompile Include="source\gui\ProgressBar.cpp">
      <Filter>source\gui</Filter>
    </ClCompile>
    <ClCompile Include="source\gui\TextLabel.cpp">
      <Filter>source\gui</Filter>
    </ClCompile>
    <ClCompile Include="source\mic\MCIManager.cpp">
      <Filter>source\MCI</Filter>
    </ClCompile>
    <ClCompile Include="source\launcher\Launcher.cpp">
      <Filter>source\launcher</Filter>
    </ClCompile>
    <ClCompile Include="source\statusbar\Statusbar.cpp">
      <Filter>source\statusbar</Filter>
    </ClCompile>
    <ClCompile Include="include\FSM\player\PlayerState.h">
      <Filter>include\FSM\player</Filter>
    </ClCompile>
    <ClCompile Include="include\FSM\StateMachine.h">
      <Filter>include\FSM</Filter>
    </ClCompile>
    <ClCompile Include="include\entity\animals\Animal.h">
      <Filter>include\entity\animals</Filter>
    </ClCompile>
    <ClCompile Include="include\entity_attr\buff\Buff_Ignited.h">
      <Filter>include\entity_attr\buff</Filter>
    </ClCompile>
    <ClCompile Include="source\scene\LoadScene.cpp">
      <Filter>source\scene</Filter>
    </ClCompile>
    <ClCompile Include="source\scene\GameScene.cpp">
      <Filter>source\scene</Filter>
    </ClCompile>
    <ClCompile Include="source\scene\MainScene.cpp">
      <Filter>source\scene</Filter>
    </ClCompile>
    <ClCompile Include="FishScene.cpp">
      <Filter>source\scene</Filter>
    </ClCompile>
  </ItemGroup>
  <ItemGroup>
    <ClInclude Include="thirdparty\OpenString-CMake\include\wide_text.h">
      <Filter>thirdparty\open-string\include</Filter>
    </ClInclude>
    <ClInclude Include="thirdparty\OpenString-CMake\include\common\adapters.h">
      <Filter>thirdparty\open-string\include</Filter>
    </ClInclude>
    <ClInclude Include="thirdparty\OpenString-CMake\include\common\assertion.h">
      <Filter>thirdparty\open-string\include</Filter>
    </ClInclude>
    <ClInclude Include="thirdparty\OpenString-CMake\include\codeunit_sequence.h">
      <Filter>thirdparty\open-string\include</Filter>
    </ClInclude>
    <ClInclude Include="thirdparty\OpenString-CMake\include\codeunit_sequence_view.h">
      <Filter>thirdparty\open-string\include</Filter>
    </ClInclude>
    <ClInclude Include="thirdparty\OpenString-CMake\include\common\linear_iterator.h">
      <Filter>thirdparty\open-string\include</Filter>
    </ClInclude>
    <ClInclude Include="thirdparty\OpenString-CMake\include\text.h">
      <Filter>thirdparty\open-string\include</Filter>
    </ClInclude>
    <ClInclude Include="thirdparty\OpenString-CMake\include\text_view.h">
      <Filter>thirdparty\open-string\include</Filter>
    </ClInclude>
    <ClInclude Include="thirdparty\OpenString-CMake\include\unicode.h">
      <Filter>thirdparty\open-string\include</Filter>
    </ClInclude>
    <ClInclude Include="thirdparty\OpenString-CMake\include\common\basic_types.h">
      <Filter>thirdparty\open-string\include</Filter>
    </ClInclude>
    <ClInclude Include="thirdparty\OpenString-CMake\include\common\constants.h">
      <Filter>thirdparty\open-string\include</Filter>
    </ClInclude>
    <ClInclude Include="thirdparty\OpenString-CMake\include\common\definitions.h">
      <Filter>thirdparty\open-string\include</Filter>
    </ClInclude>
    <ClInclude Include="thirdparty\OpenString-CMake\include\format.h">
      <Filter>thirdparty\open-string\include</Filter>
    </ClInclude>
    <ClInclude Include="thirdparty\OpenString-CMake\include\common\functions.h">
      <Filter>thirdparty\open-string\include</Filter>
    </ClInclude>
    <ClInclude Include="thirdparty\OpenString-CMake\include\common\platforms.h">
      <Filter>thirdparty\open-string\include</Filter>
    </ClInclude>
    <ClInclude Include="thirdparty\mINI\src\mini\ini.h">
      <Filter>thirdparty\INIParser</Filter>
    </ClInclude>
    <ClInclude Include="include\EasyXBase.h">
      <Filter>include</Filter>
    </ClInclude>
    <ClInclude Include="include\String.h">
      <Filter>include</Filter>
    </ClInclude>
    <ClInclude Include="include\assets\AssetManager.h">
      <Filter>include\assets</Filter>
    </ClInclude>
    <ClInclude Include="include\game\Block.h">
      <Filter>include\game</Filter>
    </ClInclude>
    <ClInclude Include="include\game\component\Component.h">
      <Filter>include\game\component</Filter>
    </ClInclude>
    <ClInclude Include="include\game\Game.h">
      <Filter>include\game</Filter>
    </ClInclude>
    <ClInclude Include="include\event\Event.h">
      <Filter>include\event</Filter>
    </ClInclude>
    <ClInclude Include="include\gui\GUIManager.h">
      <Filter>include\gui</Filter>
    </ClInclude>
    <ClInclude Include="include\gui\GUIObject.h">
      <Filter>include\gui</Filter>
    </ClInclude>
    <ClInclude Include="include\gui\Input.h">
      <Filter>include\gui</Filter>
    </ClInclude>
    <ClInclude Include="include\gui\ProgressBar.h">
      <Filter>include\gui</Filter>
    </ClInclude>
    <ClInclude Include="thirdparty\OpenString-CMake\include\common\sequence.h">
      <Filter>thirdparty\open-string\include</Filter>
    </ClInclude>
    <ClInclude Include="include\singleton\Singleton.h">
      <Filter>include\singleton</Filter>
    </ClInclude>
    <ClInclude Include="include\launcher\Launcher.h">
      <Filter>include\launcher</Filter>
    </ClInclude>
    <ClInclude Include="include\mic\MCIManager.h">
      <Filter>include\MCI</Filter>
    </ClInclude>
    <ClInclude Include="include\gui\TextLabel.h">
      <Filter>include\gui</Filter>
    </ClInclude>
    <ClInclude Include="include\statusbar\Statusbar.h">
      <Filter>include\statusbar</Filter>
    </ClInclude>
    <ClInclude Include="include\entity\mobs\Enemy.h">
      <Filter>include\entity\mobs</Filter>
    </ClInclude>
    <ClInclude Include="include\entity_attr\buff\Buff.h">
      <Filter>include\entity_attr\buff</Filter>
    </ClInclude>
    <ClInclude Include="include\entity\Entity.h">
      <Filter>include\entity</Filter>
    </ClInclude>
    <ClInclude Include="include\entity_attr\stats\EntityStatsManager.h">
      <Filter>include\entity_attr\stats</Filter>
    </ClInclude>
    <ClInclude Include="include\entity\Player.h">
      <Filter>include\entity</Filter>
    </ClInclude>
    <ClInclude Include="include\entity\animals\Sheep.h">
      <Filter>include\entity\animals</Filter>
    </ClInclude>
    <ClInclude Include="include\entity\mobs\Zombie.h">
      <Filter>include\entity\mobs</Filter>
    </ClInclude>
    <ClInclude Include="include\entity_attr\buff\BuffManager.h">
      <Filter>include\entity_attr\buff</Filter>
    </ClInclude>
    <ClInclude Include="include\FSM\EntityState.h">
      <Filter>include\FSM</Filter>
    </ClInclude>
    <ClInclude Include="include\animation\Animation.h">
      <Filter>include\animation</Filter>
    </ClInclude>
    <ClInclude Include="include\animation\Animator.h">
      <Filter>include\animation</Filter>
    </ClInclude>
    <ClInclude Include="easyx_window.h">
      <Filter>tools</Filter>
    </ClInclude>
    <ClInclude Include="throw_ exception.h">
      <Filter>tools</Filter>
    </ClInclude>
    <ClInclude Include="assets.h">
      <Filter>include\assets</Filter>
    </ClInclude>
    <ClInclude Include="new_animation.h">
      <Filter>include\animation</Filter>
    </ClInclude>
    <ClInclude Include="include\gui\Scene.h">
      <Filter>include\gui</Filter>
    </ClInclude>
    <ClInclude Include="include\scene\MainScene.h">
      <Filter>include\scene</Filter>
    </ClInclude>
    <ClInclude Include="include\scene\LoadScene.h">
      <Filter>include\scene</Filter>
    </ClInclude>
    <ClInclude Include="include\time\Timer.h">
      <Filter>include\time</Filter>
    </ClInclude>
    <ClInclude Include="include\scene\GameScene.h">
      <Filter>include\scene</Filter>
    </ClInclude>
    <ClInclude Include="include\game\collision\CollisionManager.h">
      <Filter>include\game\collision</Filter>
    </ClInclude>
    <ClInclude Include="include\vec2\Vec2.h">
      <Filter>include\vec2</Filter>
    </ClInclude>
    <ClInclude Include="include\common\common.h">
      <Filter>include\common</Filter>
    </ClInclude>
    <ClInclude Include="include\game\collision\Hitbox.h">
      <Filter>include\game\collision</Filter>
    </ClInclude>
    <ClInclude Include="include\game\collision\CollisionLayer.h">
      <Filter>include\game\collision</Filter>
    </ClInclude>
    <ClInclude Include="include\render\RenderInfo.h">
      <Filter>include\render</Filter>
    </ClInclude>
    <ClInclude Include="make3d.h">
      <Filter>include\make3d</Filter>
    </ClInclude>
    <ClInclude Include="include\beg\Beg.h">
      <Filter>include\beg</Filter>
    </ClInclude>
    <ClInclude Include="include\beg\Content.h">
      <Filter>include\beg</Filter>
    </ClInclude>
    <ClInclude Include="include\beg\Hand.h">
      <Filter>include\beg</Filter>
    </ClInclude>
    <ClInclude Include="include\beg\Weapon.h">
      <Filter>include\beg</Filter>
    </ClInclude>
    <ClInclude Include="include\beg\Inventory.h">
      <Filter>include\beg</Filter>
    </ClInclude>
    <ClInclude Include="include\scene\FishingScene.h">
      <Filter>include\scene</Filter>
    </ClInclude>
    <ClInclude Include="include\gui\ImageLabel.h">
      <Filter>include\launcher</Filter>
    </ClInclude>
  </ItemGroup>
  <ItemGroup>
    <Filter Include="thirdparty">
      <UniqueIdentifier>{9feac914-c1f5-4dbc-a7ef-3cd884752b3c}</UniqueIdentifier>
    </Filter>
    <Filter Include="thirdparty\open-string">
      <UniqueIdentifier>{85a3cc03-87a5-4308-9e91-4ea2ec01923b}</UniqueIdentifier>
    </Filter>
    <Filter Include="thirdparty\open-string\include">
      <UniqueIdentifier>{31ba48b4-aa1f-4564-82f2-787474a7a6f4}</UniqueIdentifier>
    </Filter>
    <Filter Include="thirdparty\open-string\source">
      <UniqueIdentifier>{f9bff669-d0b8-4520-a1c5-047e7ef082de}</UniqueIdentifier>
    </Filter>
    <Filter Include="thirdparty\INIParser">
      <UniqueIdentifier>{5ea77c3f-c9d8-437e-b7f1-d153bdd86ed3}</UniqueIdentifier>
    </Filter>
    <Filter Include="include">
      <UniqueIdentifier>{17314f23-c446-4dba-9baa-7bb7961c221b}</UniqueIdentifier>
    </Filter>
    <Filter Include="source">
      <UniqueIdentifier>{4c88bc87-7393-4d1a-9a6f-fbed29b6a270}</UniqueIdentifier>
    </Filter>
    <Filter Include="include\assets">
      <UniqueIdentifier>{500c64fc-c409-4b8e-b62b-9ab26dacb456}</UniqueIdentifier>
    </Filter>
    <Filter Include="include\game">
      <UniqueIdentifier>{aab55e27-efa4-4d94-bff0-8f92e842c2dd}</UniqueIdentifier>
    </Filter>
    <Filter Include="include\game\component">
      <UniqueIdentifier>{5fa8e55e-2461-4453-8d00-3e7f2b7f0a28}</UniqueIdentifier>
    </Filter>
    <Filter Include="include\event">
      <UniqueIdentifier>{24d1ec0d-c93c-4e86-86b0-f8f42c231f3d}</UniqueIdentifier>
    </Filter>
    <Filter Include="include\gui">
      <UniqueIdentifier>{f8300636-a46d-436b-8177-c32bd792cf01}</UniqueIdentifier>
    </Filter>
    <Filter Include="include\singleton">
      <UniqueIdentifier>{fe9d2566-e198-4911-a0c6-b90062041ca6}</UniqueIdentifier>
    </Filter>
    <Filter Include="include\launcher">
      <UniqueIdentifier>{3ecd0848-ff13-43b0-ac0a-23b6b231e9e9}</UniqueIdentifier>
    </Filter>
    <Filter Include="include\MCI">
      <UniqueIdentifier>{49b2defa-7cc3-45a3-8744-740dc3dc51c5}</UniqueIdentifier>
    </Filter>
    <Filter Include="source\assets">
      <UniqueIdentifier>{7d1d4c2b-761d-4c67-8b55-3b57f469233a}</UniqueIdentifier>
    </Filter>
    <Filter Include="source\game">
      <UniqueIdentifier>{9101e35f-a28d-4edd-9bad-7daf57c21094}</UniqueIdentifier>
    </Filter>
    <Filter Include="source\game\component">
      <UniqueIdentifier>{4aa8d0dd-b11e-4db4-866d-52a22ca60dbe}</UniqueIdentifier>
    </Filter>
    <Filter Include="source\gui">
      <UniqueIdentifier>{49256e1b-a979-44d4-a882-db0804ac42ec}</UniqueIdentifier>
    </Filter>
    <Filter Include="source\MCI">
      <UniqueIdentifier>{d4b0af7b-e152-4b7c-b1ae-4a1649e7220d}</UniqueIdentifier>
    </Filter>
    <Filter Include="source\launcher">
      <UniqueIdentifier>{260d64c4-2870-465d-9a02-6abdb72e6c9a}</UniqueIdentifier>
    </Filter>
    <Filter Include="include\statusbar">
      <UniqueIdentifier>{e81ab1f5-3d2c-4938-871a-67818b35c32a}</UniqueIdentifier>
    </Filter>
    <Filter Include="source\statusbar">
      <UniqueIdentifier>{5ef908d1-c960-458d-8764-3cde5f764c11}</UniqueIdentifier>
    </Filter>
    <Filter Include="include\FSM">
      <UniqueIdentifier>{166d3b06-e206-42fa-b549-779e3f74dd0f}</UniqueIdentifier>
    </Filter>
    <Filter Include="include\FSM\player">
      <UniqueIdentifier>{9b853d0f-b29d-4939-9829-831524e7e578}</UniqueIdentifier>
    </Filter>
    <Filter Include="include\entity">
      <UniqueIdentifier>{571b0aff-3e23-401a-b820-78791c00696d}</UniqueIdentifier>
    </Filter>
    <Filter Include="include\entity_attr">
      <UniqueIdentifier>{fe9ed8f2-a59f-48f5-be6d-ec78b6a77c86}</UniqueIdentifier>
    </Filter>
    <Filter Include="include\entity\animals">
      <UniqueIdentifier>{e75c8a87-fa67-44c6-928d-80f550b9a5f3}</UniqueIdentifier>
    </Filter>
    <Filter Include="include\entity_attr\buff">
      <UniqueIdentifier>{a6cda9a1-094d-4e91-bfb2-0b84282778bc}</UniqueIdentifier>
    </Filter>
    <Filter Include="include\entity_attr\stats">
      <UniqueIdentifier>{97284a18-9b43-4c83-b8a0-9987a6e521e7}</UniqueIdentifier>
    </Filter>
    <Filter Include="include\animation">
      <UniqueIdentifier>{1e28cee6-4e31-4d66-ae17-ca24c68106b5}</UniqueIdentifier>
    </Filter>
    <Filter Include="tools">
      <UniqueIdentifier>{dbfd1012-e3f2-46e9-9c60-dae83afbc3a1}</UniqueIdentifier>
    </Filter>
    <Filter Include="include\scene">
      <UniqueIdentifier>{ebaacde1-d16f-40c2-90f0-f0f85552e78c}</UniqueIdentifier>
    </Filter>
    <Filter Include="source\scene">
      <UniqueIdentifier>{c97377c7-2afa-4501-b5af-019c48a2feb4}</UniqueIdentifier>
    </Filter>
    <Filter Include="include\time">
      <UniqueIdentifier>{0e236e69-a93c-448e-9be4-52795bfcda2a}</UniqueIdentifier>
    </Filter>
    <Filter Include="include\game\collision">
      <UniqueIdentifier>{db7ba040-e7f3-4272-a5ad-a0bde39c353f}</UniqueIdentifier>
    </Filter>
    <Filter Include="include\vec2">
      <UniqueIdentifier>{55440393-9594-4c30-ae72-511b9b04af94}</UniqueIdentifier>
    </Filter>
    <Filter Include="include\common">
      <UniqueIdentifier>{b5fbc3f9-d5f2-4053-a352-6a9569ab66ef}</UniqueIdentifier>
    </Filter>
    <Filter Include="include\render">
      <UniqueIdentifier>{1570f19b-7958-4c15-a43c-18e46ebbdfc8}</UniqueIdentifier>
    </Filter>
    <Filter Include="include\entity\mobs">
      <UniqueIdentifier>{ef9d106d-783e-4209-8bf8-f1b8dffd5c61}</UniqueIdentifier>
    </Filter>
    <Filter Include="include\make3d">
      <UniqueIdentifier>{7bf9e680-77cb-4906-b146-2e3bc5262891}</UniqueIdentifier>
    </Filter>
    <Filter Include="include\beg">
      <UniqueIdentifier>{d5f6c8c6-7fec-4e1b-a120-9b807fc16b55}</UniqueIdentifier>
    </Filter>
  </ItemGroup>
  <ItemGroup>
    <None Include="cpp.hint" />
  </ItemGroup>
</Project>